
Microsoft Visual Studio Solution File, Format Version 12.00
# Visual Studio 15
VisualStudioVersion = 15.0.27004.2005
MinimumVisualStudioVersion = 10.0.40219.1
Project("{8BC9CEB8-8B4A-11D0-8D11-00A0C91BC942}") = "MPI", "MPI\MPI.vcxproj", "{134F10FC-48F9-4FEF-B070-19D04200B5E6}"
EndProject
Project("{8BC9CEB8-8B4A-11D0-8D11-00A0C91BC942}") = "SMuravev-Lab5", "SMuravev-Lab5\SMuravev-Lab5.vcxproj", "{EF2E99BD-DDCE-4311-B4FE-94FF37FC8D60}"
EndProject
Project("{8BC9CEB8-8B4A-11D0-8D11-00A0C91BC942}") = "Sk=lab2", "Sk=lab2\Sk=lab2.vcxproj", "{9F0B20D8-2A65-49CC-86FA-655C723FB474}"
EndProject
Project("{8BC9CEB8-8B4A-11D0-8D11-00A0C91BC942}") = "AVertyankin-Lab6", "AVertyankin-Lab6\AVertyankin-Lab6.vcxproj", "{7464117A-4103-497C-A76C-011A3B00E289}"
EndProject
Project("{8BC9CEB8-8B4A-11D0-8D11-00A0C91BC942}") = "AVertyankin-Lab6-group", "AVertyankin-Lab6-group\AVertyankin-Lab6-group.vcxproj", "{1334C155-8601-49AB-BE93-74D4F9532392}"
EndProject
Global
	GlobalSection(SolutionConfigurationPlatforms) = preSolution
		Debug|x64 = Debug|x64
		Debug|x86 = Debug|x86
		Release|x64 = Release|x64
		Release|x86 = Release|x86
	EndGlobalSection
	GlobalSection(ProjectConfigurationPlatforms) = postSolution
		{134F10FC-48F9-4FEF-B070-19D04200B5E6}.Debug|x64.ActiveCfg = Debug|x64
		{134F10FC-48F9-4FEF-B070-19D04200B5E6}.Debug|x64.Build.0 = Debug|x64
		{134F10FC-48F9-4FEF-B070-19D04200B5E6}.Debug|x86.ActiveCfg = Debug|Win32
		{134F10FC-48F9-4FEF-B070-19D04200B5E6}.Debug|x86.Build.0 = Debug|Win32
		{134F10FC-48F9-4FEF-B070-19D04200B5E6}.Release|x64.ActiveCfg = Release|x64
		{134F10FC-48F9-4FEF-B070-19D04200B5E6}.Release|x64.Build.0 = Release|x64
		{134F10FC-48F9-4FEF-B070-19D04200B5E6}.Release|x86.ActiveCfg = Release|Win32
		{134F10FC-48F9-4FEF-B070-19D04200B5E6}.Release|x86.Build.0 = Release|Win32
		{EF2E99BD-DDCE-4311-B4FE-94FF37FC8D60}.Debug|x64.ActiveCfg = Debug|x64
		{EF2E99BD-DDCE-4311-B4FE-94FF37FC8D60}.Debug|x64.Build.0 = Debug|x64
		{EF2E99BD-DDCE-4311-B4FE-94FF37FC8D60}.Debug|x86.ActiveCfg = Debug|Win32
		{EF2E99BD-DDCE-4311-B4FE-94FF37FC8D60}.Debug|x86.Build.0 = Debug|Win32
		{EF2E99BD-DDCE-4311-B4FE-94FF37FC8D60}.Release|x64.ActiveCfg = Release|x64
		{EF2E99BD-DDCE-4311-B4FE-94FF37FC8D60}.Release|x64.Build.0 = Release|x64
		{EF2E99BD-DDCE-4311-B4FE-94FF37FC8D60}.Release|x86.ActiveCfg = Release|Win32
		{EF2E99BD-DDCE-4311-B4FE-94FF37FC8D60}.Release|x86.Build.0 = Release|Win32
		{9F0B20D8-2A65-49CC-86FA-655C723FB474}.Debug|x64.ActiveCfg = Debug|x64
		{9F0B20D8-2A65-49CC-86FA-655C723FB474}.Debug|x64.Build.0 = Debug|x64
		{9F0B20D8-2A65-49CC-86FA-655C723FB474}.Debug|x86.ActiveCfg = Debug|Win32
		{9F0B20D8-2A65-49CC-86FA-655C723FB474}.Debug|x86.Build.0 = Debug|Win32
		{9F0B20D8-2A65-49CC-86FA-655C723FB474}.Release|x64.ActiveCfg = Release|x64
		{9F0B20D8-2A65-49CC-86FA-655C723FB474}.Release|x64.Build.0 = Release|x64
		{9F0B20D8-2A65-49CC-86FA-655C723FB474}.Release|x86.ActiveCfg = Release|Win32
		{9F0B20D8-2A65-49CC-86FA-655C723FB474}.Release|x86.Build.0 = Release|Win32
		{7464117A-4103-497C-A76C-011A3B00E289}.Debug|x64.ActiveCfg = Debug|x64
		{7464117A-4103-497C-A76C-011A3B00E289}.Debug|x64.Build.0 = Debug|x64
		{7464117A-4103-497C-A76C-011A3B00E289}.Debug|x86.ActiveCfg = Debug|Win32
		{7464117A-4103-497C-A76C-011A3B00E289}.Debug|x86.Build.0 = Debug|Win32
		{7464117A-4103-497C-A76C-011A3B00E289}.Release|x64.ActiveCfg = Release|x64
		{7464117A-4103-497C-A76C-011A3B00E289}.Release|x64.Build.0 = Release|x64
		{7464117A-4103-497C-A76C-011A3B00E289}.Release|x86.ActiveCfg = Release|Win32
		{7464117A-4103-497C-A76C-011A3B00E289}.Release|x86.Build.0 = Release|Win32
		{1334C155-8601-49AB-BE93-74D4F9532392}.Debug|x64.ActiveCfg = Debug|x64
		{1334C155-8601-49AB-BE93-74D4F9532392}.Debug|x64.Build.0 = Debug|x64
		{1334C155-8601-49AB-BE93-74D4F9532392}.Debug|x86.ActiveCfg = Debug|Win32
		{1334C155-8601-49AB-BE93-74D4F9532392}.Debug|x86.Build.0 = Debug|Win32
		{1334C155-8601-49AB-BE93-74D4F9532392}.Release|x64.ActiveCfg = Release|x64
		{1334C155-8601-49AB-BE93-74D4F9532392}.Release|x64.Build.0 = Release|x64
		{1334C155-8601-49AB-BE93-74D4F9532392}.Release|x86.ActiveCfg = Release|Win32
		{1334C155-8601-49AB-BE93-74D4F9532392}.Release|x86.Build.0 = Release|Win32
	EndGlobalSection
	GlobalSection(SolutionProperties) = preSolution
		HideSolutionNode = FALSE
	EndGlobalSection
	GlobalSection(ExtensibilityGlobals) = postSolution
		SolutionGuid = {E5995136-F03C-4D4A-B135-AE3B38E3DB8E}
	EndGlobalSection
EndGlobal
